
Microsoft Visual Studio Solution File, Format Version 12.00
Project("{FAE04EC0-301F-11D3-BF4B-00C04F79EFBC}") = "FoodPlanning", "FoodPlanning\FoodPlanning.csproj", "{52EEFE22-CBBD-4710-8A4B-9B6A9948B1AA}"
EndProject
Project("{FAE04EC0-301F-11D3-BF4B-00C04F79EFBC}") = "FoodPlanning.Android", "FoodPlanning.Android\FoodPlanning.Android.csproj", "{8FE23E35-7703-4C55-BB18-9092DD485279}"
EndProject
Project("{FAE04EC0-301F-11D3-BF4B-00C04F79EFBC}") = "FoodPlanning.iOS", "FoodPlanning.iOS\FoodPlanning.iOS.csproj", "{4F2C89C1-1E97-424D-9417-23E47E976869}"
EndProject
Global
	GlobalSection(SolutionConfigurationPlatforms) = preSolution
		Ad-Hoc|iPhone = Ad-Hoc|iPhone
		AppStore|iPhone = AppStore|iPhone
		Debug|Any CPU = Debug|Any CPU
		Debug|iPhone = Debug|iPhone
		Debug|iPhoneSimulator = Debug|iPhoneSimulator
		Release|Any CPU = Release|Any CPU
		Release|iPhone = Release|iPhone
		Release|iPhoneSimulator = Release|iPhoneSimulator
	EndGlobalSection
	GlobalSection(ProjectConfigurationPlatforms) = postSolution
		{52EEFE22-CBBD-4710-8A4B-9B6A9948B1AA}.Ad-Hoc|iPhone.ActiveCfg = Debug|Any CPU
		{52EEFE22-CBBD-4710-8A4B-9B6A9948B1AA}.Ad-Hoc|iPhone.Build.0 = Debug|Any CPU
		{52EEFE22-CBBD-4710-8A4B-9B6A9948B1AA}.AppStore|iPhone.ActiveCfg = Debug|Any CPU
		{52EEFE22-CBBD-4710-8A4B-9B6A9948B1AA}.AppStore|iPhone.Build.0 = Debug|Any CPU
		{52EEFE22-CBBD-4710-8A4B-9B6A9948B1AA}.Debug|Any CPU.ActiveCfg = Debug|Any CPU
		{52EEFE22-CBBD-4710-8A4B-9B6A9948B1AA}.Debug|Any CPU.Build.0 = Debug|Any CPU
		{52EEFE22-CBBD-4710-8A4B-9B6A9948B1AA}.Debug|iPhone.ActiveCfg = Debug|Any CPU
		{52EEFE22-CBBD-4710-8A4B-9B6A9948B1AA}.Debug|iPhone.Build.0 = Debug|Any CPU
		{52EEFE22-CBBD-4710-8A4B-9B6A9948B1AA}.Debug|iPhoneSimulator.ActiveCfg = Debug|Any CPU
		{52EEFE22-CBBD-4710-8A4B-9B6A9948B1AA}.Debug|iPhoneSimulator.Build.0 = Debug|Any CPU
		{52EEFE22-CBBD-4710-8A4B-9B6A9948B1AA}.Release|Any CPU.ActiveCfg = Release|Any CPU
		{52EEFE22-CBBD-4710-8A4B-9B6A9948B1AA}.Release|Any CPU.Build.0 = Release|Any CPU
		{52EEFE22-CBBD-4710-8A4B-9B6A9948B1AA}.Release|iPhone.ActiveCfg = Release|Any CPU
		{52EEFE22-CBBD-4710-8A4B-9B6A9948B1AA}.Release|iPhone.Build.0 = Release|Any CPU
		{52EEFE22-CBBD-4710-8A4B-9B6A9948B1AA}.Release|iPhoneSimulator.ActiveCfg = Release|Any CPU
		{52EEFE22-CBBD-4710-8A4B-9B6A9948B1AA}.Release|iPhoneSimulator.Build.0 = Release|Any CPU
		{8FE23E35-7703-4C55-BB18-9092DD485279}.Ad-Hoc|iPhone.ActiveCfg = Debug|Any CPU
		{8FE23E35-7703-4C55-BB18-9092DD485279}.Ad-Hoc|iPhone.Build.0 = Debug|Any CPU
		{8FE23E35-7703-4C55-BB18-9092DD485279}.Ad-Hoc|iPhone.Deploy.0 = Debug|Any CPU
		{8FE23E35-7703-4C55-BB18-9092DD485279}.AppStore|iPhone.ActiveCfg = Debug|Any CPU
		{8FE23E35-7703-4C55-BB18-9092DD485279}.AppStore|iPhone.Build.0 = Debug|Any CPU
		{8FE23E35-7703-4C55-BB18-9092DD485279}.AppStore|iPhone.Deploy.0 = Debug|Any CPU
		{8FE23E35-7703-4C55-BB18-9092DD485279}.Debug|Any CPU.ActiveCfg = Debug|Any CPU
		{8FE23E35-7703-4C55-BB18-9092DD485279}.Debug|Any CPU.Build.0 = Debug|Any CPU
		{8FE23E35-7703-4C55-BB18-9092DD485279}.Debug|Any CPU.Deploy.0 = Debug|Any CPU
		{8FE23E35-7703-4C55-BB18-9092DD485279}.Debug|iPhone.ActiveCfg = Debug|Any CPU
		{8FE23E35-7703-4C55-BB18-9092DD485279}.Debug|iPhone.Build.0 = Debug|Any CPU
		{8FE23E35-7703-4C55-BB18-9092DD485279}.Debug|iPhone.Deploy.0 = Debug|Any CPU
		{8FE23E35-7703-4C55-BB18-9092DD485279}.Debug|iPhoneSimulator.ActiveCfg = Debug|Any CPU
		{8FE23E35-7703-4C55-BB18-9092DD485279}.Debug|iPhoneSimulator.Build.0 = Debug|Any CPU
		{8FE23E35-7703-4C55-BB18-9092DD485279}.Debug|iPhoneSimulator.Deploy.0 = Debug|Any CPU
		{8FE23E35-7703-4C55-BB18-9092DD485279}.Release|Any CPU.ActiveCfg = Release|Any CPU
		{8FE23E35-7703-4C55-BB18-9092DD485279}.Release|Any CPU.Build.0 = Release|Any CPU
		{8FE23E35-7703-4C55-BB18-9092DD485279}.Release|Any CPU.Deploy.0 = Release|Any CPU
		{8FE23E35-7703-4C55-BB18-9092DD485279}.Release|iPhone.ActiveCfg = Release|Any CPU
		{8FE23E35-7703-4C55-BB18-9092DD485279}.Release|iPhone.Build.0 = Release|Any CPU
		{8FE23E35-7703-4C55-BB18-9092DD485279}.Release|iPhone.Deploy.0 = Release|Any CPU
		{8FE23E35-7703-4C55-BB18-9092DD485279}.Release|iPhoneSimulator.ActiveCfg = Release|Any CPU
		{8FE23E35-7703-4C55-BB18-9092DD485279}.Release|iPhoneSimulator.Build.0 = Release|Any CPU
		{8FE23E35-7703-4C55-BB18-9092DD485279}.Release|iPhoneSimulator.Deploy.0 = Release|Any CPU
		{4F2C89C1-1E97-424D-9417-23E47E976869}.Ad-Hoc|iPhone.ActiveCfg = Ad-Hoc|iPhone
		{4F2C89C1-1E97-424D-9417-23E47E976869}.Ad-Hoc|iPhone.Build.0 = Ad-Hoc|iPhone
		{4F2C89C1-1E97-424D-9417-23E47E976869}.Ad-Hoc|iPhone.Deploy.0 = Ad-Hoc|iPhone
		{4F2C89C1-1E97-424D-9417-23E47E976869}.AppStore|iPhone.ActiveCfg = AppStore|iPhone
		{4F2C89C1-1E97-424D-9417-23E47E976869}.AppStore|iPhone.Build.0 = AppStore|iPhone
		{4F2C89C1-1E97-424D-9417-23E47E976869}.AppStore|iPhone.Deploy.0 = AppStore|iPhone
		{4F2C89C1-1E97-424D-9417-23E47E976869}.Debug|Any CPU.ActiveCfg = Debug|iPhoneSimulator
		{4F2C89C1-1E97-424D-9417-23E47E976869}.Debug|Any CPU.Build.0 = Debug|iPhoneSimulator
		{4F2C89C1-1E97-424D-9417-23E47E976869}.Debug|Any CPU.Deploy.0 = Debug|iPhoneSimulator
		{4F2C89C1-1E97-424D-9417-23E47E976869}.Debug|iPhone.ActiveCfg = Debug|iPhone
		{4F2C89C1-1E97-424D-9417-23E47E976869}.Debug|iPhone.Build.0 = Debug|iPhone
		{4F2C89C1-1E97-424D-9417-23E47E976869}.Debug|iPhone.Deploy.0 = Debug|iPhone
		{4F2C89C1-1E97-424D-9417-23E47E976869}.Debug|iPhoneSimulator.ActiveCfg = Debug|iPhoneSimulator
		{4F2C89C1-1E97-424D-9417-23E47E976869}.Debug|iPhoneSimulator.Build.0 = Debug|iPhoneSimulator
		{4F2C89C1-1E97-424D-9417-23E47E976869}.Debug|iPhoneSimulator.Deploy.0 = Debug|iPhoneSimulator
		{4F2C89C1-1E97-424D-9417-23E47E976869}.Release|Any CPU.ActiveCfg = Release|iPhoneSimulator
		{4F2C89C1-1E97-424D-9417-23E47E976869}.Release|Any CPU.Build.0 = Release|iPhoneSimulator
		{4F2C89C1-1E97-424D-9417-23E47E976869}.Release|Any CPU.Deploy.0 = Release|iPhoneSimulator
		{4F2C89C1-1E97-424D-9417-23E47E976869}.Release|iPhone.ActiveCfg = Release|iPhone
		{4F2C89C1-1E97-424D-9417-23E47E976869}.Release|iPhone.Build.0 = Release|iPhone
		{4F2C89C1-1E97-424D-9417-23E47E976869}.Release|iPhone.Deploy.0 = Release|iPhone
		{4F2C89C1-1E97-424D-9417-23E47E976869}.Release|iPhoneSimulator.ActiveCfg = Release|iPhoneSimulator
		{4F2C89C1-1E97-424D-9417-23E47E976869}.Release|iPhoneSimulator.Build.0 = Release|iPhoneSimulator
		{4F2C89C1-1E97-424D-9417-23E47E976869}.Release|iPhoneSimulator.Deploy.0 = Release|iPhoneSimulator
	EndGlobalSection
EndGlobal
